
Microsoft Visual Studio Solution File, Format Version 12.00
# Visual Studio Version 16
VisualStudioVersion = 16.0.29123.88
MinimumVisualStudioVersion = 10.0.40219.1
Project("{FAE04EC0-301F-11D3-BF4B-00C04F79EFBC}") = "DataGamingInterface", "DataGamingInterface.csproj", "{25FCB0CE-9245-4A3D-8659-B85AB45346FC}"
EndProject
Project("{2150E333-8FDC-42A3-9474-1A3956D46DE8}") = "1.1Presntacion", "1.1Presntacion", "{AA19C5C5-991A-43DD-BE6A-E3CE7E4F96D4}"
EndProject
Project("{2150E333-8FDC-42A3-9474-1A3956D46DE8}") = "2.1Application", "2.1Application", "{B51FD229-4303-474C-AF03-E8CBE11FB728}"
EndProject
Project("{2150E333-8FDC-42A3-9474-1A3956D46DE8}") = "3.1Domain", "3.1Domain", "{021A6A32-AF2C-43CD-AEA8-14C9E7BECE38}"
EndProject
Project("{2150E333-8FDC-42A3-9474-1A3956D46DE8}") = "4.1Infrastructure", "4.1Infrastructure", "{BE6EE876-9A11-432B-A8A9-2103BD9F8D52}"
EndProject
Project("{FAE04EC0-301F-11D3-BF4B-00C04F79EFBC}") = "Domain", "..\Domain\Domain.csproj", "{F05E55B3-4E8D-4A26-83E6-2C5AC6ED9AFF}"
EndProject
Project("{FAE04EC0-301F-11D3-BF4B-00C04F79EFBC}") = "Aplication", "..\Aplication\Aplication.csproj", "{139A5AB3-300B-4B6A-BD1F-793E97A6A2AB}"
EndProject
Project("{FAE04EC0-301F-11D3-BF4B-00C04F79EFBC}") = "BBDD", "..\BBDD\BBDD.csproj", "{C7989849-0A96-48F1-AD95-7D3D8D12165D}"
EndProject
Project("{FAE04EC0-301F-11D3-BF4B-00C04F79EFBC}") = "DataGamingInterface_UnitTest", "..\DataGamingInterface_UnitTest\DataGamingInterface_UnitTest.csproj", "{422F62D4-9832-42E9-81C0-7CB1ED9492A7}"
EndProject
Global
	GlobalSection(SolutionConfigurationPlatforms) = preSolution
		Debug|Any CPU = Debug|Any CPU
		Release|Any CPU = Release|Any CPU
	EndGlobalSection
	GlobalSection(ProjectConfigurationPlatforms) = postSolution
		{25FCB0CE-9245-4A3D-8659-B85AB45346FC}.Debug|Any CPU.ActiveCfg = Debug|Any CPU
		{25FCB0CE-9245-4A3D-8659-B85AB45346FC}.Debug|Any CPU.Build.0 = Debug|Any CPU
		{25FCB0CE-9245-4A3D-8659-B85AB45346FC}.Release|Any CPU.ActiveCfg = Release|Any CPU
		{25FCB0CE-9245-4A3D-8659-B85AB45346FC}.Release|Any CPU.Build.0 = Release|Any CPU
		{F05E55B3-4E8D-4A26-83E6-2C5AC6ED9AFF}.Debug|Any CPU.ActiveCfg = Debug|Any CPU
		{F05E55B3-4E8D-4A26-83E6-2C5AC6ED9AFF}.Debug|Any CPU.Build.0 = Debug|Any CPU
		{F05E55B3-4E8D-4A26-83E6-2C5AC6ED9AFF}.Release|Any CPU.ActiveCfg = Release|Any CPU
		{F05E55B3-4E8D-4A26-83E6-2C5AC6ED9AFF}.Release|Any CPU.Build.0 = Release|Any CPU
		{139A5AB3-300B-4B6A-BD1F-793E97A6A2AB}.Debug|Any CPU.ActiveCfg = Debug|Any CPU
		{139A5AB3-300B-4B6A-BD1F-793E97A6A2AB}.Debug|Any CPU.Build.0 = Debug|Any CPU
		{139A5AB3-300B-4B6A-BD1F-793E97A6A2AB}.Release|Any CPU.ActiveCfg = Release|Any CPU
		{139A5AB3-300B-4B6A-BD1F-793E97A6A2AB}.Release|Any CPU.Build.0 = Release|Any CPU
		{C7989849-0A96-48F1-AD95-7D3D8D12165D}.Debug|Any CPU.ActiveCfg = Debug|Any CPU
		{C7989849-0A96-48F1-AD95-7D3D8D12165D}.Debug|Any CPU.Build.0 = Debug|Any CPU
		{C7989849-0A96-48F1-AD95-7D3D8D12165D}.Release|Any CPU.ActiveCfg = Release|Any CPU
		{C7989849-0A96-48F1-AD95-7D3D8D12165D}.Release|Any CPU.Build.0 = Release|Any CPU
		{422F62D4-9832-42E9-81C0-7CB1ED9492A7}.Debug|Any CPU.ActiveCfg = Debug|Any CPU
		{422F62D4-9832-42E9-81C0-7CB1ED9492A7}.Debug|Any CPU.Build.0 = Debug|Any CPU
		{422F62D4-9832-42E9-81C0-7CB1ED9492A7}.Release|Any CPU.ActiveCfg = Release|Any CPU
		{422F62D4-9832-42E9-81C0-7CB1ED9492A7}.Release|Any CPU.Build.0 = Release|Any CPU
	EndGlobalSection
	GlobalSection(SolutionProperties) = preSolution
		HideSolutionNode = FALSE
	EndGlobalSection
	GlobalSection(NestedProjects) = preSolution
		{25FCB0CE-9245-4A3D-8659-B85AB45346FC} = {AA19C5C5-991A-43DD-BE6A-E3CE7E4F96D4}
		{F05E55B3-4E8D-4A26-83E6-2C5AC6ED9AFF} = {021A6A32-AF2C-43CD-AEA8-14C9E7BECE38}
		{139A5AB3-300B-4B6A-BD1F-793E97A6A2AB} = {B51FD229-4303-474C-AF03-E8CBE11FB728}
		{C7989849-0A96-48F1-AD95-7D3D8D12165D} = {BE6EE876-9A11-432B-A8A9-2103BD9F8D52}
		{422F62D4-9832-42E9-81C0-7CB1ED9492A7} = {AA19C5C5-991A-43DD-BE6A-E3CE7E4F96D4}
	EndGlobalSection
	GlobalSection(ExtensibilityGlobals) = postSolution
		SolutionGuid = {89B44269-7DFF-4660-B272-D3E1C2994E94}
	EndGlobalSection
EndGlobal
